
Microsoft Visual Studio Solution File, Format Version 12.00
# Visual Studio Version 17
VisualStudioVersion = 17.5.33516.290
MinimumVisualStudioVersion = 10.0.40219.1
Project("{2150E333-8FDC-42A3-9474-1A3956D46DE8}") = "Solution Items", "Solution Items", "{CEAAAF5F-3B06-40E0-B0D2-3BBD3513038B}"
	ProjectSection(SolutionItems) = preProject
		Directory.Build.props = Directory.Build.props
		README.md = README.md
	EndProjectSection
EndProject
Project("{9A19103F-16F7-4668-BE54-9A1E7A4F7556}") = "MonkeyLoader.GamePacks.ResoniteModLoader", "MonkeyLoader.GamePacks.ResoniteModLoader\MonkeyLoader.GamePacks.ResoniteModLoader.csproj", "{41F303F4-2BE1-4462-B5DC-144ECA630242}"
EndProject
Global
	GlobalSection(SolutionConfigurationPlatforms) = preSolution
		Debug|Any CPU = Debug|Any CPU
		Release|Any CPU = Release|Any CPU
	EndGlobalSection
	GlobalSection(ProjectConfigurationPlatforms) = postSolution
		{41F303F4-2BE1-4462-B5DC-144ECA630242}.Debug|Any CPU.ActiveCfg = Debug|Any CPU
		{41F303F4-2BE1-4462-B5DC-144ECA630242}.Debug|Any CPU.Build.0 = Debug|Any CPU
		{41F303F4-2BE1-4462-B5DC-144ECA630242}.Release|Any CPU.ActiveCfg = Release|Any CPU
		{41F303F4-2BE1-4462-B5DC-144ECA630242}.Release|Any CPU.Build.0 = Release|Any CPU
	EndGlobalSection
	GlobalSection(SolutionProperties) = preSolution
		HideSolutionNode = FALSE
	EndGlobalSection
	GlobalSection(ExtensibilityGlobals) = postSolution
		SolutionGuid = {7D505B2E-FBA2-4F50-BC1C-838BC8DF0D5C}
	EndGlobalSection
EndGlobal
